
Microsoft Visual Studio Solution File, Format Version 12.00
# Visual Studio Version 16
VisualStudioVersion = 16.0.29521.150
MinimumVisualStudioVersion = 10.0.40219.1
Project("{FAE04EC0-301F-11D3-BF4B-00C04F79EFBC}") = "CalculatorWebService", "CalculatorWebService\CalculatorWebService.csproj", "{36541617-6FFD-4A41-B815-36F35E7F97F8}"
EndProject
Global
	GlobalSection(SolutionConfigurationPlatforms) = preSolution
		Debug|Any CPU = Debug|Any CPU
		Release|Any CPU = Release|Any CPU
	EndGlobalSection
	GlobalSection(ProjectConfigurationPlatforms) = postSolution
		{36541617-6FFD-4A41-B815-36F35E7F97F8}.Debug|Any CPU.ActiveCfg = Debug|Any CPU
		{36541617-6FFD-4A41-B815-36F35E7F97F8}.Debug|Any CPU.Build.0 = Debug|Any CPU
		{36541617-6FFD-4A41-B815-36F35E7F97F8}.Release|Any CPU.ActiveCfg = Release|Any CPU
		{36541617-6FFD-4A41-B815-36F35E7F97F8}.Release|Any CPU.Build.0 = Release|Any CPU
	EndGlobalSection
	GlobalSection(SolutionProperties) = preSolution
		HideSolutionNode = FALSE
	EndGlobalSection
	GlobalSection(ExtensibilityGlobals) = postSolution
		SolutionGuid = {8A1C0BBB-E949-48CC-B1D1-8113DDEB079F}
	EndGlobalSection
EndGlobal
