
Microsoft Visual Studio Solution File, Format Version 12.00
# Visual Studio Version 16
VisualStudioVersion = 16.0.29521.150
MinimumVisualStudioVersion = 10.0.40219.1
Project("{FAE04EC0-301F-11D3-BF4B-00C04F79EFBC}") = "BasicCRUD", "BasicCRUD\BasicCRUD.csproj", "{DC34D16A-12AC-4B7E-B73F-5E5C95DDB98F}"
EndProject
Global
	GlobalSection(SolutionConfigurationPlatforms) = preSolution
		Debug|Any CPU = Debug|Any CPU
		Release|Any CPU = Release|Any CPU
	EndGlobalSection
	GlobalSection(ProjectConfigurationPlatforms) = postSolution
		{DC34D16A-12AC-4B7E-B73F-5E5C95DDB98F}.Debug|Any CPU.ActiveCfg = Debug|Any CPU
		{DC34D16A-12AC-4B7E-B73F-5E5C95DDB98F}.Debug|Any CPU.Build.0 = Debug|Any CPU
		{DC34D16A-12AC-4B7E-B73F-5E5C95DDB98F}.Release|Any CPU.ActiveCfg = Release|Any CPU
		{DC34D16A-12AC-4B7E-B73F-5E5C95DDB98F}.Release|Any CPU.Build.0 = Release|Any CPU
	EndGlobalSection
	GlobalSection(SolutionProperties) = preSolution
		HideSolutionNode = FALSE
	EndGlobalSection
	GlobalSection(ExtensibilityGlobals) = postSolution
		SolutionGuid = {F2495162-6B28-4C50-A458-5D98BC4D7DCA}
	EndGlobalSection
EndGlobal
